
Microsoft Visual Studio Solution File, Format Version 10.00
# Visual C++ Express 2008
Project("{8BC9CEB8-8B4A-11D0-8D11-00A0C91BC942}") = "CvGameCoreDLL", "CvGameCoreDLL.vcproj", "{E323AF8E-688B-4ED7-BA84-269D8F3AAE2D}"
EndProject
Global
	GlobalSection(SolutionConfigurationPlatforms) = preSolution
		Debug|Win32 = Debug|Win32
		Final Debug|Win32 = Final Debug|Win32
		Final Release|Win32 = Final Release|Win32
		Release|Win32 = Release|Win32
	EndGlobalSection
	GlobalSection(ProjectConfigurationPlatforms) = postSolution
		{E323AF8E-688B-4ED7-BA84-269D8F3AAE2D}.Debug|Win32.ActiveCfg = Debug|Win32
		{E323AF8E-688B-4ED7-BA84-269D8F3AAE2D}.Debug|Win32.Build.0 = Debug|Win32
		{E323AF8E-688B-4ED7-BA84-269D8F3AAE2D}.Final Debug|Win32.ActiveCfg = Final Debug|Win32
		{E323AF8E-688B-4ED7-BA84-269D8F3AAE2D}.Final Debug|Win32.Build.0 = Final Debug|Win32
		{E323AF8E-688B-4ED7-BA84-269D8F3AAE2D}.Final Release|Win32.ActiveCfg = Final Release|Win32
		{E323AF8E-688B-4ED7-BA84-269D8F3AAE2D}.Final Release|Win32.Build.0 = Final Release|Win32
		{E323AF8E-688B-4ED7-BA84-269D8F3AAE2D}.Release|Win32.ActiveCfg = Release|Win32
		{E323AF8E-688B-4ED7-BA84-269D8F3AAE2D}.Release|Win32.Build.0 = Release|Win32
	EndGlobalSection
	GlobalSection(SolutionProperties) = preSolution
		HideSolutionNode = FALSE
	EndGlobalSection
EndGlobal
